lockfileVersion: '9.0'

settings:
  autoInstallPeers: true
  excludeLinksFromLockfile: false

importers:

  .:
    dependencies:
      '@cloudinary/react':
        specifier: ^1.14.4
        version: 1.14.4(react@19.2.4)
      '@cloudinary/url-gen':
        specifier: ^1.22.0
        version: 1.22.0
      '@openrouter/sdk':
        specifier: ^0.9.11
        version: 0.9.11
      openai:
        specifier: ^6.33.0
        version: 6.33.0(ws@8.18.3)(zod@4.3.6)
    devDependencies:
      concurrently:
        specifier: ^9.2.1
        version: 9.2.1

packages:

  '@cloudinary/html@1.13.5':
    resolution: {integrity: sha512-t9mqy7u4D7oIU1NdFWwRrG8pCd+IxZ940PQx5gcm4AxIQhMrWXdhWTHYwDc5HzxjYhDzj4IpQ148EeDWSMq88g==}

  '@cloudinary/react@1.14.4':
    resolution: {integrity: sha512-r1HRmGk1aJle8AAoa7C4qVYaLrXxcjo4UQgZoTt/VkHWyxQppKR35YT/MGazNK0cwJuxhrWsLt6WpMIjGWdqlg==}
    engines: {node: '>=10'}
    peerDependencies:
      react: ^16.3.0 || ^17.0.0 || ^18.0.0 || ^19.0.0

  '@cloudinary/transformation-builder-sdk@1.21.2':
    resolution: {integrity: sha512-ehOgKUaP+Nvuf7B0TosmB8iilL0kdiVjzjl8tIK06cjvsNnwSJI3xP9nEJmKkvqNxwwFwvYXT+mxUTqnSv9JOA==}

  '@cloudinary/url-gen@1.22.0':
    resolution: {integrity: sha512-le8RMlgyC0JN3+FlC/YAlPYfvmJdtw8QGcSKDjCsfhS2CIem0mJl6ayti8bMoZ0P5wDvBewvRB0/dUQvhCzy3g==}

  '@openrouter/sdk@0.9.11':
    resolution: {integrity: sha512-BgFu6NcIJO4a9aVjr04y3kZ8pyM71j15I+bzfVAGEvxnj+KQNIkBYQGgwrG3D+aT1QpDKLki8btcQmpaxUas6A==}

  '@types/lodash.clonedeep@4.5.9':
    resolution: {integrity: sha512-19429mWC+FyaAhOLzsS8kZUsI+/GmBAQ0HFiCPsKGU+7pBXOQWhyrY6xNNDwUSX8SMZMJvuFVMF9O5dQOlQK9Q==}

  '@types/lodash.debounce@4.0.9':
    resolution: {integrity: sha512-Ma5JcgTREwpLRwMM+XwBR7DaWe96nC38uCBDFKZWbNKD+osjVzdpnUSwBcqCptrp16sSOLBAUb50Car5I0TCsQ==}

  '@types/lodash@4.17.24':
    resolution: {integrity: sha512-gIW7lQLZbue7lRSWEFql49QJJWThrTFFeIMJdp3eH4tKoxm1OvEPg02rm4wCCSHS0cL3/Fizimb35b7k8atwsQ==}

  '@types/node@14.18.63':
    resolution: {integrity: sha512-fAtCfv4jJg+ExtXhvCkCqUKZ+4ok/JQk01qDKhL5BDDoS3AxKXhV5/MAVUZyQnSEd2GT92fkgZl0pz0Q0AzcIQ==}

  ansi-regex@5.0.1:
    resolution: {integrity: sha512-quJQXlTSUGL2LH9SUXo8VwsY4soanhgo6LNSm84E1LBcE8s3O0wpdiRzyR9z/ZZJMlMWv37qOOb9pdJlMUEKFQ==}
    engines: {node: '>=8'}

  ansi-styles@4.3.0:
    resolution: {integrity: sha512-zbB9rCJAT1rbjiVDb2hqKFHNYLxgtk8NURxZ3IZwD3F6NtxbXZQCnnSi1Lkx+IDohdPlFp222wVALIheZJQSEg==}
    engines: {node: '>=8'}

  chalk@4.1.2:
    resolution: {integrity: sha512-oKnbhFyRIXpUuez8iBMmyEa4nbj4IOQyuhc/wy9kY7/WVPcwIO9VA668Pu8RkO7+0G76SLROeyw9CpQ061i4mA==}
    engines: {node: '>=10'}

  cliui@8.0.1:
    resolution: {integrity: sha512-BSeNnyus75C4//NQ9gQt1/csTXyo/8Sb+afLAkzAptFuMsod9HFokGNudZpi/oQV73hnVK+sR+5PVRMd+Dr7YQ==}
    engines: {node: '>=12'}

  color-convert@2.0.1:
    resolution: {integrity: sha512-RRECPsj7iu/xb5oKYcsFHSppFNnsj/52OVTRKb4zP5onXwVF3zVmmToNcOfGC+CRDpfK/U584fMg38ZHCaElKQ==}
    engines: {node: '>=7.0.0'}

  color-name@1.1.4:
    resolution: {integrity: sha512-dOy+3AuW3a2wNbZHIuMZpTcgjGuLU/uBL/ubcZF9OXbDo8ff4O8yVp5Bf0efS8uEoYo5q4Fx7dY9OgQGXgAsQA==}

  concurrently@9.2.1:
    resolution: {integrity: sha512-fsfrO0MxV64Znoy8/l1vVIjjHa29SZyyqPgQBwhiDcaW8wJc2W3XWVOGx4M3oJBnv/zdUZIIp1gDeS98GzP8Ng==}
    engines: {node: '>=18'}
    hasBin: true

  emoji-regex@8.0.0:
    resolution: {integrity: sha512-MSjYzcWNOA0ewAHpz0MxpYFvwg6yjy1NG3xteoqz644VCo/RPgnr1/GGt+ic3iJTzQ8Eu3TdM14SawnVUmGE6A==}

  escalade@3.2.0:
    resolution: {integrity: sha512-WUj2qlxaQtO4g6Pq5c29GTcWGDyd8itL8zTlipgECz3JesAiiOKotd8JU6otB3PACgG6xkJUyVhboMS+bje/jA==}
    engines: {node: '>=6'}

  get-caller-file@2.0.5:
    resolution: {integrity: sha512-DyFP3BM/3YHTQOCUL/w0OZHR0lpKeGrxotcHWcqNEdnltqFwXVfhEBQ94eIo34AfQpo0rGki4cyIiftY06h2Fg==}
    engines: {node: 6.* || 8.* || >= 10.*}

  has-flag@4.0.0:
    resolution: {integrity: sha512-EykJT/Q1KjTWctppgIAgfSO0tKVuZUjhgMr17kqTumMl6Afv3EISleU7qZUzoXDFTAHTDC4NOoG/ZxU3EvlMPQ==}
    engines: {node: '>=8'}

  is-fullwidth-code-point@3.0.0:
    resolution: {integrity: sha512-zymm5+u+sCsSWyD9qNaejV3DFvhCKclKdizYaJUuHA83RLjb7nSuGnddCHGv0hk+KY7BMAlsWeK4Ueg6EV6XQg==}
    engines: {node: '>=8'}

  lodash.clonedeep@4.5.0:
    resolution: {integrity: sha512-H5ZhCF25riFd9uB5UCkVKo61m3S/xZk1x4wA6yp/L3RFP6Z/eHH1ymQcGLo7J3GMPfm0V/7m1tryHuGVxpqEBQ==}

  lodash.debounce@4.0.8:
    resolution: {integrity: sha512-FT1yDzDYEoYWhnSGnpE/4Kj1fLZkDFyqRb7fNt6FdYOSxlUWAtp42Eh6Wb0rGIv/m9Bgo7x4GhQbm5Ys4SG5ow==}

  openai@6.33.0:
    resolution: {integrity: sha512-xAYN1W3YsDXJWA5F277135YfkEk6H7D3D6vWwRhJ3OEkzRgcyK8z/P5P9Gyi/wB4N8kK9kM5ZjprfvyHagKmpw==}
    hasBin: true
    peerDependencies:
      ws: ^8.18.0
      zod: ^3.25 || ^4.0
    peerDependenciesMeta:
      ws:
        optional: true
      zod:
        optional: true

  react@19.2.4:
    resolution: {integrity: sha512-9nfp2hYpCwOjAN+8TZFGhtWEwgvWHXqESH8qT89AT/lWklpLON22Lc8pEtnpsZz7VmawabSU0gCjnj8aC0euHQ==}
    engines: {node: '>=0.10.0'}

  require-directory@2.1.1:
    resolution: {integrity: sha512-fGxEI7+wsG9xrvdjsrlmL22OMTTiHRwAMroiEeMgq8gzoLC/PQr7RsRDSTLUg/bZAZtF+TVIkHc6/4RIKrui+Q==}
    engines: {node: '>=0.10.0'}

  rxjs@7.8.2:
    resolution: {integrity: sha512-dhKf903U/PQZY6boNNtAGdWbG85WAbjT/1xYoZIC7FAY0yWapOBQVsVrDl58W86//e1VpMNBtRV4MaXfdMySFA==}

  shell-quote@1.8.3:
    resolution: {integrity: sha512-ObmnIF4hXNg1BqhnHmgbDETF8dLPCggZWBjkQfhZpbszZnYur5DUljTcCHii5LC3J5E0yeO/1LIMyH+UvHQgyw==}
    engines: {node: '>= 0.4'}

  string-width@4.2.3:
    resolution: {integrity: sha512-wKyQRQpjJ0sIp62ErSZdGsjMJWsap5oRNihHhu6G7JVO/9jIB6UyevL+tXuOqrng8j/cxKTWyWUwvSTriiZz/g==}
    engines: {node: '>=8'}

  strip-ansi@6.0.1:
    resolution: {integrity: sha512-Y38VPSHcqkFrCpFnQ9vuSXmquuv5oXOKpGeT6aGrr3o3Gc9AlVa6JBfUSOCnbxGGZF+/0ooI7KrPuUSztUdU5A==}
    engines: {node: '>=8'}

  supports-color@7.2.0:
    resolution: {integrity: sha512-qpCAvRl9stuOHveKsn7HncJRvv501qIacKzQlO/+Lwxc9+0q2wLyv4Dfvt80/DPn2pqOBsJdDiogXGR9+OvwRw==}
    engines: {node: '>=8'}

  supports-color@8.1.1:
    resolution: {integrity: sha512-MpUEN2OodtUzxvKQl72cUF7RQ5EiHsGvSsVG0ia9c5RbWGL2CI4C7EpPS8UTBIplnlzZiNuV56w+FuNxy3ty2Q==}
    engines: {node: '>=10'}

  tree-kill@1.2.2:
    resolution: {integrity: sha512-L0Orpi8qGpRG//Nd+H90vFB+3iHnue1zSSGmNOOCh1GLJ7rUKVwV2HvijphGQS2UmhUZewS9VgvxYIdgr+fG1A==}
    hasBin: true

  tslib@2.8.1:
    resolution: {integrity: sha512-oJFu94HQb+KVduSUQL7wnpmqnfmLsOA/nAh6b6EH0wCEoK0/mPeXU6c3wKDV83MkOuHPRHtSXKKU99IBazS/2w==}

  typescript@4.9.5:
    resolution: {integrity: sha512-1FXk9E2Hm+QzZQ7z+McJiHL4NW1F2EzMu9Nq9i3zAaGqibafqYwCVU6WyWAuyQRRzOlxou8xZSyXLEN8oKj24g==}
    engines: {node: '>=4.2.0'}
    hasBin: true

  wrap-ansi@7.0.0:
    resolution: {integrity: sha512-YVGIj2kamLSTxw6NsZjoBxfSwsn0ycdesmc4p+Q21c5zPuZ1pl+NfxVdxPtdHvmNVOQ6XSYG4AUtyt/Fi7D16Q==}
    engines: {node: '>=10'}

  ws@8.18.3:
    resolution: {integrity: sha512-PEIGCY5tSlUt50cqyMXfCzX+oOPqN0vuGqWzbcJ2xvnkzkq46oOpz7dQaTDBdfICb4N14+GARUDw2XV2N4tvzg==}
    engines: {node: '>=10.0.0'}
    peerDependencies:
      bufferutil: ^4.0.1
      utf-8-validate: '>=5.0.2'
    peerDependenciesMeta:
      bufferutil:
        optional: true
      utf-8-validate:
        optional: true

  y18n@5.0.8:
    resolution: {integrity: sha512-0pfFzegeDWJHJIAmTLRP2DwHjdF5s7jo9tuztdQxAhINCdvS+3nGINqPd00AphqJR/0LhANUS6/+7SCb98YOfA==}
    engines: {node: '>=10'}

  yargs-parser@21.1.1:
    resolution: {integrity: sha512-tVpsJW7DdjecAiFpbIB1e3qxIQsE6NoPc5/eTdrbbIC4h0LVsWhnoa3g+m2HclBIujHzsxZ4VJVA+GUuc2/LBw==}
    engines: {node: '>=12'}

  yargs@17.7.2:
    resolution: {integrity: sha512-7dSzzRQ++CKnNI/krKnYRV7JKKPUXMEh61soaHKg9mrWEhzFWhFnxPxGl+69cD1Ou63C13NUPCnmIcrvqCuM6w==}
    engines: {node: '>=12'}

  zod@4.3.6:
    resolution: {integrity: sha512-rftlrkhHZOcjDwkGlnUtZZkvaPHCsDATp4pGpuOOMDaTdDDXF91wuVDJoWoPsKX/3YPQ5fHuF3STjcYyKr+Qhg==}

snapshots:

  '@cloudinary/html@1.13.5':
    dependencies:
      '@types/lodash.clonedeep': 4.5.9
      '@types/lodash.debounce': 4.0.9
      '@types/node': 14.18.63
      lodash.clonedeep: 4.5.0
      lodash.debounce: 4.0.8
      typescript: 4.9.5

  '@cloudinary/react@1.14.4(react@19.2.4)':
    dependencies:
      '@cloudinary/html': 1.13.5
      react: 19.2.4

  '@cloudinary/transformation-builder-sdk@1.21.2':
    dependencies:
      '@cloudinary/url-gen': 1.22.0

  '@cloudinary/url-gen@1.22.0':
    dependencies:
      '@cloudinary/transformation-builder-sdk': 1.21.2

  '@openrouter/sdk@0.9.11':
    dependencies:
      zod: 4.3.6

  '@types/lodash.clonedeep@4.5.9':
    dependencies:
      '@types/lodash': 4.17.24

  '@types/lodash.debounce@4.0.9':
    dependencies:
      '@types/lodash': 4.17.24

  '@types/lodash@4.17.24': {}

  '@types/node@14.18.63': {}

  ansi-regex@5.0.1: {}

  ansi-styles@4.3.0:
    dependencies:
      color-convert: 2.0.1

  chalk@4.1.2:
    dependencies:
      ansi-styles: 4.3.0
      supports-color: 7.2.0

  cliui@8.0.1:
    dependencies:
      string-width: 4.2.3
      strip-ansi: 6.0.1
      wrap-ansi: 7.0.0

  color-convert@2.0.1:
    dependencies:
      color-name: 1.1.4

  color-name@1.1.4: {}

  concurrently@9.2.1:
    dependencies:
      chalk: 4.1.2
      rxjs: 7.8.2
      shell-quote: 1.8.3
      supports-color: 8.1.1
      tree-kill: 1.2.2
      yargs: 17.7.2

  emoji-regex@8.0.0: {}

  escalade@3.2.0: {}

  get-caller-file@2.0.5: {}

  has-flag@4.0.0: {}

  is-fullwidth-code-point@3.0.0: {}

  lodash.clonedeep@4.5.0: {}

  lodash.debounce@4.0.8: {}

  openai@6.33.0(ws@8.18.3)(zod@4.3.6):
    optionalDependencies:
      ws: 8.18.3
      zod: 4.3.6

  react@19.2.4: {}

  require-directory@2.1.1: {}

  rxjs@7.8.2:
    dependencies:
      tslib: 2.8.1

  shell-quote@1.8.3: {}

  string-width@4.2.3:
    dependencies:
      emoji-regex: 8.0.0
      is-fullwidth-code-point: 3.0.0
      strip-ansi: 6.0.1

  strip-ansi@6.0.1:
    dependencies:
      ansi-regex: 5.0.1

  supports-color@7.2.0:
    dependencies:
      has-flag: 4.0.0

  supports-color@8.1.1:
    dependencies:
      has-flag: 4.0.0

  tree-kill@1.2.2: {}

  tslib@2.8.1: {}

  typescript@4.9.5: {}

  wrap-ansi@7.0.0:
    dependencies:
      ansi-styles: 4.3.0
      string-width: 4.2.3
      strip-ansi: 6.0.1

  ws@8.18.3:
    optional: true

  y18n@5.0.8: {}

  yargs-parser@21.1.1: {}

  yargs@17.7.2:
    dependencies:
      cliui: 8.0.1
      escalade: 3.2.0
      get-caller-file: 2.0.5
      require-directory: 2.1.1
      string-width: 4.2.3
      y18n: 5.0.8
      yargs-parser: 21.1.1

  zod@4.3.6: {}
